# @generated by Move, please check-in and do not edit manually.

[move]
version = 3
manifest_digest = "80E09FCA622CC58E4BA69A34BC4C8CDFC837C6F71CFE3033C8AB14BCEB8396D6"
deps_digest = "F8BBB0CCB2491CA29A3DF03D6F92277A4F3574266507ACD77214D37ECA3F3082"
dependencies = [
  { id = "Sui", name = "Sui" },
]

[[move.package]]
id = "MoveStdlib"
source = { git = "https://github.com/MystenLabs/sui.git", rev = "framework/testnet", subdir = "crates/sui-framework/packages/move-stdlib" }

[[move.package]]
id = "Sui"
source = { git = "https://github.com/MystenLabs/sui.git", rev = "framework/testnet", subdir = "crates/sui-framework/packages/sui-framework" }

dependencies = [
  { id = "MoveStdlib", name = "MoveStdlib" },
]

[move.toolchain-version]
compiler-version = "1.60.0"
edition = "2024.beta"
flavor = "sui"

[env]

[env.testnet]
chain-id = "4c78adac"
original-published-id = "0x5f8fd9b16bda275432e9287ee19aa4f231c91dda19d430b4cbd5a78b6a7ed87d"
latest-published-id = "0x5f8fd9b16bda275432e9287ee19aa4f231c91dda19d430b4cbd5a78b6a7ed87d"
published-version = "1"
